
Microsoft Visual Studio Solution File, Format Version 12.00
# Visual Studio Version 17
VisualStudioVersion = 17.8.34525.116
MinimumVisualStudioVersion = 10.0.40219.1
Project("{FAE04EC0-301F-11D3-BF4B-00C04F79EFBC}") = "AndreasTestOpgave", "AndreasTestOpgave\AndreasTestOpgave.csproj", "{4A9BF7DC-DC15-4EC6-831B-F75EE2EDA996}"
EndProject
Global
	GlobalSection(SolutionConfigurationPlatforms) = preSolution
		Debug|Any CPU = Debug|Any CPU
		Release|Any CPU = Release|Any CPU
	EndGlobalSection
	GlobalSection(ProjectConfigurationPlatforms) = postSolution
		{4A9BF7DC-DC15-4EC6-831B-F75EE2EDA996}.Debug|Any CPU.ActiveCfg = Debug|Any CPU
		{4A9BF7DC-DC15-4EC6-831B-F75EE2EDA996}.Debug|Any CPU.Build.0 = Debug|Any CPU
		{4A9BF7DC-DC15-4EC6-831B-F75EE2EDA996}.Release|Any CPU.ActiveCfg = Release|Any CPU
		{4A9BF7DC-DC15-4EC6-831B-F75EE2EDA996}.Release|Any CPU.Build.0 = Release|Any CPU
	EndGlobalSection
	GlobalSection(SolutionProperties) = preSolution
		HideSolutionNode = FALSE
	EndGlobalSection
	GlobalSection(ExtensibilityGlobals) = postSolution
		SolutionGuid = {947FB947-DBBF-47EF-9F49-A04B959B82BF}
	EndGlobalSection
EndGlobal
